
Microsoft Visual Studio Solution File, Format Version 12.00
# Visual Studio Version 16
VisualStudioVersion = 16.0.32002.261
MinimumVisualStudioVersion = 10.0.40219.1
Project("{FAE04EC0-301F-11D3-BF4B-00C04F79EFBC}") = "ReviewZone", "ReviewZone\ReviewZone.csproj", "{D2033795-27A4-44FF-93BF-6D66A3070FDA}"
EndProject
Project("{FAE04EC0-301F-11D3-BF4B-00C04F79EFBC}") = "ReviewZone.Db", "ReiewZone.Db\ReviewZone.Db.csproj", "{0E4F964B-8F46-4F3E-AABE-CB54E1B78DC5}"
EndProject
Project("{FAE04EC0-301F-11D3-BF4B-00C04F79EFBC}") = "ReviewZone.Models", "ReviewZone.Models\ReviewZone.Models.csproj", "{40E54292-31D9-414B-A8E1-5CFEEB01A42C}"
EndProject
Global
	GlobalSection(SolutionConfigurationPlatforms) = preSolution
		Debug|Any CPU = Debug|Any CPU
		Release|Any CPU = Release|Any CPU
	EndGlobalSection
	GlobalSection(ProjectConfigurationPlatforms) = postSolution
		{D2033795-27A4-44FF-93BF-6D66A3070FDA}.Debug|Any CPU.ActiveCfg = Debug|Any CPU
		{D2033795-27A4-44FF-93BF-6D66A3070FDA}.Debug|Any CPU.Build.0 = Debug|Any CPU
		{D2033795-27A4-44FF-93BF-6D66A3070FDA}.Release|Any CPU.ActiveCfg = Release|Any CPU
		{D2033795-27A4-44FF-93BF-6D66A3070FDA}.Release|Any CPU.Build.0 = Release|Any CPU
		{0E4F964B-8F46-4F3E-AABE-CB54E1B78DC5}.Debug|Any CPU.ActiveCfg = Debug|Any CPU
		{0E4F964B-8F46-4F3E-AABE-CB54E1B78DC5}.Debug|Any CPU.Build.0 = Debug|Any CPU
		{0E4F964B-8F46-4F3E-AABE-CB54E1B78DC5}.Release|Any CPU.ActiveCfg = Release|Any CPU
		{0E4F964B-8F46-4F3E-AABE-CB54E1B78DC5}.Release|Any CPU.Build.0 = Release|Any CPU
		{40E54292-31D9-414B-A8E1-5CFEEB01A42C}.Debug|Any CPU.ActiveCfg = Debug|Any CPU
		{40E54292-31D9-414B-A8E1-5CFEEB01A42C}.Debug|Any CPU.Build.0 = Debug|Any CPU
		{40E54292-31D9-414B-A8E1-5CFEEB01A42C}.Release|Any CPU.ActiveCfg = Release|Any CPU
		{40E54292-31D9-414B-A8E1-5CFEEB01A42C}.Release|Any CPU.Build.0 = Release|Any CPU
	EndGlobalSection
	GlobalSection(SolutionProperties) = preSolution
		HideSolutionNode = FALSE
	EndGlobalSection
	GlobalSection(ExtensibilityGlobals) = postSolution
		SolutionGuid = {5A03C186-F4A6-495F-81FD-89575504B15F}
	EndGlobalSection
EndGlobal
